// !$*UTF8*$!
{
	archiveVersion = 1;
	classes = {
	};
	objectVersion = 46;
	objects = {

/* Begin PBXBuildFile section */
		EEB6594E1D446F9D006F8143 /* AppDelegate.swift in Sources */ = {isa = PBXBuildFile; fileRef = EEB6594D1D446F9D006F8143 /* AppDelegate.swift */; };
		EEB659501D446F9D006F8143 /* ViewController.swift in Sources */ = {isa = PBXBuildFile; fileRef = EEB6594F1D446F9D006F8143 /* ViewController.swift */; };
		EEB659531D446F9D006F8143 /* Main.storyboard in Resources */ = {isa = PBXBuildFile; fileRef = EEB659511D446F9D006F8143 /* Main.storyboard */; };
		EEB659551D446F9D006F8143 /* Assets.xcassets in Resources */ = {isa = PBXBuildFile; fileRef = EEB659541D446F9D006F8143 /* Assets.xcassets */; };
		EEB659581D446F9D006F8143 /* LaunchScreen.storyboard in Resources */ = {isa = PBXBuildFile; fileRef = EEB659561D446F9D006F8143 /* LaunchScreen.storyboard */; };
/* End PBXBuildFile section */

/* Begin PBXFileReference section */
		EEB6594A1D446F9D006F8143 /* BUSQUEDALIBRO.app */ = {isa = PBXFileReference; explicitFileType = wrapper.application; includeInIndex = 0; path = BUSQUEDALIBRO.app; sourceTree = BUILT_PRODUCTS_DIR; };
		EEB6594D1D446F9D006F8143 /* AppDelegate.swift */ = {isa = PBXFileReference; lastKnownFileType = sourcecode.swift; path = AppDelegate.swift; sourceTree = "<group>"; };
		EEB6594F1D446F9D006F8143 /* ViewController.swift */ = {isa = PBXFileReference; lastKnownFileType = sourcecode.swift; path = ViewController.swift; sourceTree = "<group>"; };
		EEB659521D446F9D006F8143 /* Base */ = {isa = PBXFileReference; lastKnownFileType = file.storyboard; name = Base; path = Base.lproj/Main.storyboard; sourceTree = "<group>"; };
		EEB659541D446F9D006F8143 /* Assets.xcassets */ = {isa = PBXFileReference; lastKnownFileType = folder.assetcatalog; path = Assets.xcassets; sourceTree = "<group>"; };
		EEB659571D446F9D006F8143 /* Base */ = {isa = PBXFileReference; lastKnownFileType = file.storyboard; name = Base; path = Base.lproj/LaunchScreen.storyboard; sourceTree = "<group>"; };
		EEB659591D446F9D006F8143 /* Info.plist */ = {isa = PBXFileReference; lastKnownFileType = text.plist.xml; path = Info.plist; sourceTree = "<group>"; };
/* End PBXFileReference section */

/* Begin PBXFrameworksBuildPhase section */
		EEB659471D446F9D006F8143 /* Frameworks */ = {
			isa = PBXFrameworksBuildPhase;
			buildActionMask = 2147483647;
			files = (
			);
			runOnlyForDeploymentPostprocessing = 0;
		};
/* End PBXFrameworksBuildPhase section */

/* Begin PBXGroup section */
		EEB659411D446F9D006F8143 = {
			isa = PBXGroup;
			children = (
				EEB6594C1D446F9D006F8143 /* BUSQUEDALIBRO */,
				EEB6594B1D446F9D006F8143 /* Products */,
			);
			sourceTree = "<group>";
		};
		EEB6594B1D446F9D006F8143 /* Products */ = {
			isa = PBXGroup;
			children = (
				EEB6594A1D446F9D006F8143 /* BUSQUEDALIBRO.app */,
			);
			name = Products;
			sourceTree = "<group>";
		};
		EEB6594C1D446F9D006F8143 /* BUSQUEDALIBRO */ = {
			isa = PBXGroup;
			children = (
				EEB6594D1D446F9D006F8143 /* AppDelegate.swift */,
				EEB6594F1D446F9D006F8143 /* ViewController.swift */,
				EEB659511D446F9D006F8143 /* Main.storyboard */,
				EEB659541D446F9D006F8143 /* Assets.xcassets */,
				EEB659561D446F9D006F8143 /* LaunchScreen.storyboard */,
				EEB659591D446F9D006F8143 /* Info.plist */,
			);
			path = BUSQUEDALIBRO;
			sourceTree = "<group>";
		};
/* End PBXGroup section */

/* Begin PBXNativeTarget section */
		EEB659491D446F9D006F8143 /* BUSQUEDALIBRO */ = {
			isa = PBXNativeTarget;
			buildConfigurationList = EEB6595C1D446F9D006F8143 /* Build configuration list for PBXNativeTarget "BUSQUEDALIBRO" */;
			buildPhases = (
				EEB659461D446F9D006F8143 /* Sources */,
				EEB659471D446F9D006F8143 /* Frameworks */,
				EEB659481D446F9D006F8143 /* Resources */,
			);
			buildRules = (
			);
			dependencies = (
			);
			name = BUSQUEDALIBRO;
			productName = BUSQUEDALIBRO;
			productReference = EEB6594A1D446F9D006F8143 /* BUSQUEDALIBRO.app */;
			productType = "com.apple.product-type.application";
		};
/* End PBXNativeTarget section */

/* Begin PBXProject section */
		EEB659421D446F9D006F8143 /* Project object */ = {
			isa = PBXProject;
			attributes = {
				LastSwiftUpdateCheck = 0730;
				LastUpgradeCheck = 0730;
				ORGANIZATIONNAME = "Luis Rodriguez";
				TargetAttributes = {
					EEB659491D446F9D006F8143 = {
						CreatedOnToolsVersion = 7.3.1;
						DevelopmentTeam = GBEM7P83UA;
					};
				};
			};
			buildConfigurationList = EEB659451D446F9D006F8143 /* Build configuration list for PBXProject "BUSQUEDALIBRO" */;
			compatibilityVersion = "Xcode 3.2";
			developmentRegion = English;
			hasScannedForEncodings = 0;
			knownRegions = (
				en,
				Base,
			);
			mainGroup = EEB659411D446F9D006F8143;
			productRefGroup = EEB6594B1D446F9D006F8143 /* Products */;
			projectDirPath = "";
			projectRoot = "";
			targets = (
				EEB659491D446F9D006F8143 /* BUSQUEDALIBRO */,
			);
		};
/* End PBXProject section */

/* Begin PBXResourcesBuildPhase section */
		EEB659481D446F9D006F8143 /* Resources */ = {
			isa = PBXResourcesBuildPhase;
			buildActionMask = 2147483647;
			files = (
				EEB659581D446F9D006F8143 /* LaunchScreen.storyboard in Resources */,
				EEB659551D446F9D006F8143 /* Assets.xcassets in Resources */,
				EEB659531D446F9D006F8143 /* Main.storyboard in Resources */,
			);
			runOnlyForDeploymentPostprocessing = 0;
		};
/* End PBXResourcesBuildPhase section */

/* Begin PBXSourcesBuildPhase section */
		EEB659461D446F9D006F8143 /* Sources */ = {
			isa = PBXSourcesBuildPhase;
			buildActionMask = 2147483647;
			files = (
				EEB659501D446F9D006F8143 /* ViewController.swift in Sources */,
				EEB6594E1D446F9D006F8143 /* AppDelegate.swift in Sources */,
			);
			runOnlyForDeploymentPostprocessing = 0;
		};
/* End PBXSourcesBuildPhase section */

/* Begin PBXVariantGroup section */
		EEB659511D446F9D006F8143 /* Main.storyboard */ = {
			isa = PBXVariantGroup;
			children = (
				EEB659521D446F9D006F8143 /* Base */,
			);
			name = Main.storyboard;
			sourceTree = "<group>";
		};
		EEB659561D446F9D006F8143 /* LaunchScreen.storyboard */ = {
			isa = PBXVariantGroup;
			children = (
				EEB659571D446F9D006F8143 /* Base */,
			);
			name = LaunchScreen.storyboard;
			sourceTree = "<group>";
		};
/* End PBXVariantGroup section */

/* Begin XCBuildConfiguration section */
		EEB6595A1D446F9D006F8143 /* Debug */ = {
			isa = XCBuildConfiguration;
			buildSettings = {
				ALWAYS_SEARCH_USER_PATHS = NO;
				CLANG_ANALYZER_NONNULL = YES;
				CLANG_CXX_LANGUAGE_STANDARD = "gnu++0x";
				CLANG_CXX_LIBRARY = "libc++";
				CLANG_ENABLE_MODULES = YES;
				CLANG_ENABLE_OBJC_ARC = YES;
				CLANG_WARN_BOOL_CONVERSION = YES;
				CLANG_WARN_CONSTANT_CONVERSION = YES;
				CLANG_WARN_DIRECT_OBJC_ISA_USAGE = YES_ERROR;
				CLANG_WARN_EMPTY_BODY = YES;
				CLANG_WARN_ENUM_CONVERSION = YES;
				CLANG_WARN_INT_CONVERSION = YES;
				CLANG_WARN_OBJC_ROOT_CLASS = YES_ERROR;
				CLANG_WARN_UNREACHABLE_CODE = YES;
				CLANG_WARN__DUPLICATE_METHOD_MATCH = YES;
				"CODE_SIGN_IDENTITY[sdk=iphoneos*]" = "iPhone Developer";
				COPY_PHASE_STRIP = NO;
				DEBUG_INFORMATION_FORMAT = dwarf;
				ENABLE_STRICT_OBJC_MSGSEND = YES;
				ENABLE_TESTABILITY = YES;
				GCC_C_LANGUAGE_STANDARD = gnu99;
				GCC_DYNAMIC_NO_PIC = NO;
				GCC_NO_COMMON_BLOCKS = YES;
				GCC_OPTIMIZATION_LEVEL = 0;
				GCC_PREPROCESSOR_DEFINITIONS = (
					"DEBUG=1",
					"$(inherited)",
				);
				GCC_WARN_64_TO_32_BIT_CONVERSION = YES;
				GCC_WARN_ABOUT_RETURN_TYPE = YES_ERROR;
				GCC_WARN_UNDECLARED_SELECTOR = YES;
				GCC_WARN_UNINITIALIZED_AUTOS = YES_AGGRESSIVE;
				GCC_WARN_UNUSED_FUNCTION = YES;
				GCC_WARN_UNUSED_VARIABLE = YES;
				IPHONEOS_DEPLOYMENT_TARGET = 9.3;
				MTL_ENABLE_DEBUG_INFO = YES;
				ONLY_ACTIVE_ARCH = YES;
				SDKROOT = iphoneos;
				SWIFT_OPTIMIZATION_LEVEL = "-Onone";
				TARGETED_DEVICE_FAMILY = "1,2";
			};
			name = Debug;
		};
		EEB6595B1D446F9D006F8143 /* Release */ = {
			isa = XCBuildConfiguration;
			buildSettings = {
				ALWAYS_SEARCH_USER_PATHS = NO;
				CLANG_ANALYZER_NONNULL = YES;
				CLANG_CXX_LANGUAGE_STANDARD = "gnu++0x";
				CLANG_CXX_LIBRARY = "libc++";
				CLANG_ENABLE_MODULES = YES;
				CLANG_ENABLE_OBJC_ARC = YES;
				CLANG_WARN_BOOL_CONVERSION = YES;
				CLANG_WARN_CONSTANT_CONVERSION = YES;
				CLANG_WARN_DIRECT_OBJC_ISA_USAGE = YES_ERROR;
				CLANG_WARN_EMPTY_BODY = YES;
				CLANG_WARN_ENUM_CONVERSION = YES;
				CLANG_WARN_INT_CONVERSION = YES;
				CLANG_WARN_OBJC_ROOT_CLASS = YES_ERROR;
				CLANG_WARN_UNREACHABLE_CODE = YES;
				CLANG_WARN__DUPLICATE_METHOD_MATCH = YES;
				"CODE_SIGN_IDENTITY[sdk=iphoneos*]" = "iPhone Developer";
				COPY_PHASE_STRIP = NO;
				DEBUG_INFORMATION_FORMAT = "dwarf-with-dsym";
				ENABLE_NS_ASSERTIONS = NO;
				ENABLE_STRICT_OBJC_MSGSEND = YES;
				GCC_C_LANGUAGE_STANDARD = gnu99;
				GCC_NO_COMMON_BLOCKS = YES;
				GCC_WARN_64_TO_32_BIT_CONVERSION = YES;
				GCC_WARN_ABOUT_RETURN_TYPE = YES_ERROR;
				GCC_WARN_UNDECLARED_SELECTOR = YES;
				GCC_WARN_UNINITIALIZED_AUTOS = YES_AGGRESSIVE;
				GCC_WARN_UNUSED_FUNCTION = YES;
				GCC_WARN_UNUSED_VARIABLE = YES;
				IPHONEOS_DEPLOYMENT_TARGET = 9.3;
				MTL_ENABLE_DEBUG_INFO = NO;
				SDKROOT = iphoneos;
				TARGETED_DEVICE_FAMILY = "1,2";
				VALIDATE_PRODUCT = YES;
			};
			name = Release;
		};
		EEB6595D1D446F9D006F8143 /* Debug */ = {
			isa = XCBuildConfiguration;
			buildSettings = {
				ASSETCATALOG_COMPILER_APPICON_NAME = AppIcon;
				INFOPLIST_FILE = BUSQUEDALIBRO/Info.plist;
				LD_RUNPATH_SEARCH_PATHS = "$(inherited) @executable_path/Frameworks";
				PRODUCT_BUNDLE_IDENTIFIER = mx.univeronline.BUSQUEDALIBRO;
				PRODUCT_NAME = "$(TARGET_NAME)";
			};
			name = Debug;
		};
		EEB6595E1D446F9D006F8143 /* Release */ = {
			isa = XCBuildConfiguration;
			buildSettings = {
				ASSETCATALOG_COMPILER_APPICON_NAME = AppIcon;
				INFOPLIST_FILE = BUSQUEDALIBRO/Info.plist;
				LD_RUNPATH_SEARCH_PATHS = "$(inherited) @executable_path/Frameworks";
				PRODUCT_BUNDLE_IDENTIFIER = mx.univeronline.BUSQUEDALIBRO;
				PRODUCT_NAME = "$(TARGET_NAME)";
			};
			name = Release;
		};
/* End XCBuildConfiguration section */

/* Begin XCConfigurationList section */
		EEB659451D446F9D006F8143 /* Build configuration list for PBXProject "BUSQUEDALIBRO" */ = {
			isa = XCConfigurationList;
			buildConfigurations = (
				EEB6595A1D446F9D006F8143 /* Debug */,
				EEB6595B1D446F9D006F8143 /* Release */,
			);
			defaultConfigurationIsVisible = 0;
			defaultConfigurationName = Release;
		};
		EEB6595C1D446F9D006F8143 /* Build configuration list for PBXNativeTarget "BUSQUEDALIBRO" */ = {
			isa = XCConfigurationList;
			buildConfigurations = (
				EEB6595D1D446F9D006F8143 /* Debug */,
				EEB6595E1D446F9D006F8143 /* Release */,
			);
			defaultConfigurationIsVisible = 0;
		};
/* End XCConfigurationList section */
	};
	rootObject = EEB659421D446F9D006F8143 /* Project object */;
}
